{
  "requires": true,
  "lockfileVersion": 1,
  "dependencies": {
    "w3c-xmlhttprequest": {
      "version": "2.1.3",
      "resolved": "https://registry.npmjs.org/w3c-xmlhttprequest/-/w3c-xmlhttprequest-2.1.3.tgz",
      "integrity": "sha512-NOCpSoUIcGQl/D3tMLUizhytW9J0mLUqw/nf1lzOpub7X5wgg6+T5jxnLz9foineWGs8baLt+Ldxf8DDyuQHjg=="
    }
  }
}
